
Microsoft Visual Studio Solution File, Format Version 12.00
Project("{2150E333-8FDC-42A3-9474-1A3956D46DE8}") = "Bootstrap", "Bootstrap", "{761D2E7D-BD2F-4016-ADDB-E29EF978CCD8}"
EndProject
Project("{FAE04EC0-301F-11D3-BF4B-00C04F79EFBC}") = "CargoApp.Bootstrap", "Bootstrap\CargoApp.Bootstrap\CargoApp.Bootstrap.csproj", "{C0124348-3DFA-45BE-8817-05D2C43F1D98}"
EndProject
Project("{2150E333-8FDC-42A3-9474-1A3956D46DE8}") = "_Core", "_Core", "{CCEAE8C3-5642-40A8-8FB7-BF4784F13572}"
EndProject
Project("{2150E333-8FDC-42A3-9474-1A3956D46DE8}") = "Modules", "Modules", "{F667422E-76EE-4887-8585-BC44FBF07F5E}"
EndProject
Project("{2150E333-8FDC-42A3-9474-1A3956D46DE8}") = "Users", "Users", "{826668A2-C7AB-402B-B570-A0C793E6B89D}"
EndProject
Project("{FAE04EC0-301F-11D3-BF4B-00C04F79EFBC}") = "CargoApp.Modules.Users.Api", "Modules\Users\CargoApp.Modules.Users.Api\CargoApp.Modules.Users.Api.csproj", "{2A0FBA0E-A8B6-4501-8FD6-45A28DAD36EC}"
EndProject
Project("{FAE04EC0-301F-11D3-BF4B-00C04F79EFBC}") = "CargoApp.Modules.Users.Core", "Modules\Users\CargoApp.Modules.Users.Core\CargoApp.Modules.Users.Core.csproj", "{A067495F-7C88-44B7-8CCC-F7A60C0D446B}"
EndProject
Project("{FAE04EC0-301F-11D3-BF4B-00C04F79EFBC}") = "CargoApp.Modules.Contracts.Users", "Modules\_Contracts\CargoApp.Modules.Contracts.Users\CargoApp.Modules.Contracts.Users.csproj", "{C19BC680-E6C6-46EB-9366-17D4477E15F4}"
EndProject
Project("{FAE04EC0-301F-11D3-BF4B-00C04F79EFBC}") = "CargoApp.Modules.Cargoes.Api", "Modules\Cargoes\CargoApp.Modules.Cargoes.Api\CargoApp.Modules.Cargoes.Api.csproj", "{EEE8C66F-F9B2-4F89-AEC2-414865EC9151}"
EndProject
Project("{2150E333-8FDC-42A3-9474-1A3956D46DE8}") = "Cargoes", "Cargoes", "{33575339-CE3E-4A3F-9E51-B9960FBF7301}"
EndProject
Project("{2150E333-8FDC-42A3-9474-1A3956D46DE8}") = "_Contracts", "_Contracts", "{776E5EA9-CAA1-4053-8A56-08E50CC06D21}"
EndProject
Project("{FAE04EC0-301F-11D3-BF4B-00C04F79EFBC}") = "CargoApp.Modules.Cargoes.Infrastructure", "Modules\Cargoes\CargoApp.Modules.Cargoes.Infrastructure\CargoApp.Modules.Cargoes.Infrastructure.csproj", "{3EC4B4C0-B326-4378-B1AB-2FF3846D591F}"
EndProject
Project("{FAE04EC0-301F-11D3-BF4B-00C04F79EFBC}") = "CargoApp.Modules.Cargoes.Application", "Modules\Cargoes\CargoApp.Modules.Cargoes.Application\CargoApp.Modules.Cargoes.Application.csproj", "{5EFFCE8E-1C2D-45E1-89B6-B3E0BE1B5C55}"
EndProject
Project("{FAE04EC0-301F-11D3-BF4B-00C04F79EFBC}") = "CargoApp.Modules.Cargoes.Core", "Modules\Cargoes\CargoApp.Modules.Cargoes.Core\CargoApp.Modules.Cargoes.Core.csproj", "{1B45FF19-4767-4221-A628-BA58AC5CC9D4}"
EndProject
Project("{FAE04EC0-301F-11D3-BF4B-00C04F79EFBC}") = "CargoApp.Core.ShareCore", "_Core\CargoApp.Core.ShareCore\CargoApp.Core.ShareCore.csproj", "{E4D8EBF5-84F5-4FD6-B22B-36ABBBDAFE46}"
EndProject
Project("{FAE04EC0-301F-11D3-BF4B-00C04F79EFBC}") = "CargoApp.Core.Abstraction", "_Core\CargoApp.Core.Abstraction\CargoApp.Core.Abstraction.csproj", "{36E9603B-A3D0-4967-9B66-29921F4614EA}"
EndProject
Project("{FAE04EC0-301F-11D3-BF4B-00C04F79EFBC}") = "CargoApp.Core.Infrastructure", "_Core\CargoApp.Core.Infrastructure\CargoApp.Core.Infrastructure.csproj", "{B40F95F4-7AB7-4702-A774-609B07AC760A}"
EndProject
Project("{2150E333-8FDC-42A3-9474-1A3956D46DE8}") = "Locations", "Locations", "{84497E7C-7204-48E4-8D3B-93BA6E1F7997}"
EndProject
Project("{FAE04EC0-301F-11D3-BF4B-00C04F79EFBC}") = "CargoApp.Modules.Locations.Api", "Modules\Locations\CargoApp.Modules.Locations.Api\CargoApp.Modules.Locations.Api.csproj", "{895745EC-248B-4F5D-ADFB-C4839F95EE98}"
EndProject
Project("{FAE04EC0-301F-11D3-BF4B-00C04F79EFBC}") = "CargoApp.Modules.Locations.Infrastructure", "Modules\Locations\CargoApp.Modules.Locations.Infrastructure\CargoApp.Modules.Locations.Infrastructure.csproj", "{4A24CBF0-EEF5-4A54-BC64-6F1E5FB188D8}"
EndProject
Project("{FAE04EC0-301F-11D3-BF4B-00C04F79EFBC}") = "CargoApp.Modules.Locations.Application", "Modules\Locations\CargoApp.Modules.Locations.Application\CargoApp.Modules.Locations.Application.csproj", "{007F9AA3-48D0-4AA1-8D9E-6D7348906FDA}"
EndProject
Project("{FAE04EC0-301F-11D3-BF4B-00C04F79EFBC}") = "CargoApp.Modules.Locations.Core", "Modules\Locations\CargoApp.Modules.Locations.Core\CargoApp.Modules.Locations.Core.csproj", "{316FCC5D-ECD3-4236-A4CA-FF22B01D20F5}"
EndProject
Project("{FAE04EC0-301F-11D3-BF4B-00C04F79EFBC}") = "CargoApp.Modules.Locations.Tests", "Modules\Locations\CargoApp.Modules.Locations.Tests\CargoApp.Modules.Locations.Tests.csproj", "{65D24AC1-96A0-4084-9987-187C212CB524}"
EndProject
Project("{2150E333-8FDC-42A3-9474-1A3956D46DE8}") = "Companies", "Companies", "{87E10E9C-25AF-4E4C-891B-CDED5C43E123}"
EndProject
Project("{FAE04EC0-301F-11D3-BF4B-00C04F79EFBC}") = "CargoApp.Modules.Companies.Api", "Modules\Companies\CargoApp.Modules.Companies.Api\CargoApp.Modules.Companies.Api.csproj", "{03DEE7EC-3A1D-477C-A010-F62381B5DA89}"
EndProject
Project("{FAE04EC0-301F-11D3-BF4B-00C04F79EFBC}") = "CargoApp.Modules.Companies.Core", "Modules\Companies\CargoApp.Modules.Companies.Core\CargoApp.Modules.Companies.Core.csproj", "{90182BBA-4549-4A11-A407-8AB44A8DE7EC}"
EndProject
Project("{FAE04EC0-301F-11D3-BF4B-00C04F79EFBC}") = "CargoApp.Modules.Contracts.Companies", "Modules\_Contracts\CargoApp.Modules.Contracts.Companies\CargoApp.Modules.Contracts.Companies.csproj", "{F484CC3A-1B95-4DFF-BBBF-80F59C5CD7FA}"
EndProject
Project("{FAE04EC0-301F-11D3-BF4B-00C04F79EFBC}") = "CargoApp.Core.TestCore", "_Core\CargoApp.Core.TestCore\CargoApp.Core.TestCore.csproj", "{0CCDAA19-D469-43E9-8CB0-3CC21FD1E228}"
EndProject
Project("{FAE04EC0-301F-11D3-BF4B-00C04F79EFBC}") = "CargoApp.Modules.Contracts.Events", "Modules\_Contracts\CargoApp.Modules.Contracts.Events\CargoApp.Modules.Contracts.Events.csproj", "{0E105590-8D99-4D7D-9891-294DAA7C9BD3}"
EndProject
Project("{2150E333-8FDC-42A3-9474-1A3956D46DE8}") = "Tests", "Tests", "{BAE2CD4E-E987-447F-9439-CE8A58C7A185}"
EndProject
Project("{2150E333-8FDC-42A3-9474-1A3956D46DE8}") = "Modules", "Modules", "{43DC91C8-81C9-4B4A-B112-824EA33840BC}"
EndProject
Project("{2150E333-8FDC-42A3-9474-1A3956D46DE8}") = "Users ", "Users ", "{D308841E-59F8-4E67-91AC-5C4333E66B54}"
EndProject
Project("{FAE04EC0-301F-11D3-BF4B-00C04F79EFBC}") = "CargoApp.Modules.Users.Tests.Integration", "Tests\Modules\Users\CargoApp.Modules.Users.Tests.Integration\CargoApp.Modules.Users.Tests.Integration.csproj", "{A6C87F9F-C90B-407D-A148-E9586DE762D9}"
EndProject
Project("{FAE04EC0-301F-11D3-BF4B-00C04F79EFBC}") = "CargoApp.Modules.Users.Tests.Unit", "Tests\Modules\Users\CargoApp.Modules.Users.Tests.Unit\CargoApp.Modules.Users.Tests.Unit.csproj", "{807AF3E2-2431-4AE4-A45D-3465F05856C9}"
EndProject
Project("{2150E333-8FDC-42A3-9474-1A3956D46DE8}") = "Companies", "Companies", "{F42EC76E-8E5C-4D81-8476-8A78990F255A}"
EndProject
Project("{FAE04EC0-301F-11D3-BF4B-00C04F79EFBC}") = "CargoApp.Modules.Companies.Tests", "Tests\Modules\Companies\CargoApp.Modules.Companies.Tests\CargoApp.Modules.Companies.Tests.csproj", "{71D9420A-54BA-48B6-AFE5-D1B63C4638DB}"
EndProject
Project("{2150E333-8FDC-42A3-9474-1A3956D46DE8}") = "Cargoes", "Cargoes", "{C3502491-0C4E-4C5D-A46C-7028F48F850B}"
EndProject
Project("{FAE04EC0-301F-11D3-BF4B-00C04F79EFBC}") = "CargoApp.Modules.Cargoes.Tests.Unit", "Tests\Modules\Cargoes\CargoApp.Modules.Cargoes.Tests.Unit\CargoApp.Modules.Cargoes.Tests.Unit.csproj", "{5661C9AA-07BB-4EA9-9859-2A7841BAE340}"
EndProject
Project("{FAE04EC0-301F-11D3-BF4B-00C04F79EFBC}") = "CargoApp.Modules.Contracts.Cargoes", "Modules\_Contracts\CargoApp.Modules.Contracts.Cargoes\CargoApp.Modules.Contracts.Cargoes.csproj", "{060DC024-8F3E-4983-AF13-0F298985AE6E}"
EndProject
Project("{FAE04EC0-301F-11D3-BF4B-00C04F79EFBC}") = "CargoApp.Modules.Contracts.Locations", "Modules\_Contracts\CargoApp.Modules.Contracts.Locations\CargoApp.Modules.Contracts.Locations.csproj", "{0410A8B6-FE6A-4F9B-A038-9B7C2FA2C6A3}"
EndProject
Global
	GlobalSection(SolutionConfigurationPlatforms) = preSolution
		Debug|Any CPU = Debug|Any CPU
		Release|Any CPU = Release|Any CPU
	EndGlobalSection
	GlobalSection(NestedProjects) = preSolution
		{C0124348-3DFA-45BE-8817-05D2C43F1D98} = {761D2E7D-BD2F-4016-ADDB-E29EF978CCD8}
		{826668A2-C7AB-402B-B570-A0C793E6B89D} = {F667422E-76EE-4887-8585-BC44FBF07F5E}
		{2A0FBA0E-A8B6-4501-8FD6-45A28DAD36EC} = {826668A2-C7AB-402B-B570-A0C793E6B89D}
		{A067495F-7C88-44B7-8CCC-F7A60C0D446B} = {826668A2-C7AB-402B-B570-A0C793E6B89D}
		{33575339-CE3E-4A3F-9E51-B9960FBF7301} = {F667422E-76EE-4887-8585-BC44FBF07F5E}
		{EEE8C66F-F9B2-4F89-AEC2-414865EC9151} = {33575339-CE3E-4A3F-9E51-B9960FBF7301}
		{776E5EA9-CAA1-4053-8A56-08E50CC06D21} = {F667422E-76EE-4887-8585-BC44FBF07F5E}
		{C19BC680-E6C6-46EB-9366-17D4477E15F4} = {776E5EA9-CAA1-4053-8A56-08E50CC06D21}
		{3EC4B4C0-B326-4378-B1AB-2FF3846D591F} = {33575339-CE3E-4A3F-9E51-B9960FBF7301}
		{5EFFCE8E-1C2D-45E1-89B6-B3E0BE1B5C55} = {33575339-CE3E-4A3F-9E51-B9960FBF7301}
		{1B45FF19-4767-4221-A628-BA58AC5CC9D4} = {33575339-CE3E-4A3F-9E51-B9960FBF7301}
		{E4D8EBF5-84F5-4FD6-B22B-36ABBBDAFE46} = {CCEAE8C3-5642-40A8-8FB7-BF4784F13572}
		{36E9603B-A3D0-4967-9B66-29921F4614EA} = {CCEAE8C3-5642-40A8-8FB7-BF4784F13572}
		{B40F95F4-7AB7-4702-A774-609B07AC760A} = {CCEAE8C3-5642-40A8-8FB7-BF4784F13572}
		{84497E7C-7204-48E4-8D3B-93BA6E1F7997} = {F667422E-76EE-4887-8585-BC44FBF07F5E}
		{895745EC-248B-4F5D-ADFB-C4839F95EE98} = {84497E7C-7204-48E4-8D3B-93BA6E1F7997}
		{4A24CBF0-EEF5-4A54-BC64-6F1E5FB188D8} = {84497E7C-7204-48E4-8D3B-93BA6E1F7997}
		{007F9AA3-48D0-4AA1-8D9E-6D7348906FDA} = {84497E7C-7204-48E4-8D3B-93BA6E1F7997}
		{316FCC5D-ECD3-4236-A4CA-FF22B01D20F5} = {84497E7C-7204-48E4-8D3B-93BA6E1F7997}
		{65D24AC1-96A0-4084-9987-187C212CB524} = {84497E7C-7204-48E4-8D3B-93BA6E1F7997}
		{87E10E9C-25AF-4E4C-891B-CDED5C43E123} = {F667422E-76EE-4887-8585-BC44FBF07F5E}
		{03DEE7EC-3A1D-477C-A010-F62381B5DA89} = {87E10E9C-25AF-4E4C-891B-CDED5C43E123}
		{90182BBA-4549-4A11-A407-8AB44A8DE7EC} = {87E10E9C-25AF-4E4C-891B-CDED5C43E123}
		{F484CC3A-1B95-4DFF-BBBF-80F59C5CD7FA} = {776E5EA9-CAA1-4053-8A56-08E50CC06D21}
		{0CCDAA19-D469-43E9-8CB0-3CC21FD1E228} = {CCEAE8C3-5642-40A8-8FB7-BF4784F13572}
		{0E105590-8D99-4D7D-9891-294DAA7C9BD3} = {776E5EA9-CAA1-4053-8A56-08E50CC06D21}
		{43DC91C8-81C9-4B4A-B112-824EA33840BC} = {BAE2CD4E-E987-447F-9439-CE8A58C7A185}
		{D308841E-59F8-4E67-91AC-5C4333E66B54} = {43DC91C8-81C9-4B4A-B112-824EA33840BC}
		{A6C87F9F-C90B-407D-A148-E9586DE762D9} = {D308841E-59F8-4E67-91AC-5C4333E66B54}
		{807AF3E2-2431-4AE4-A45D-3465F05856C9} = {D308841E-59F8-4E67-91AC-5C4333E66B54}
		{F42EC76E-8E5C-4D81-8476-8A78990F255A} = {43DC91C8-81C9-4B4A-B112-824EA33840BC}
		{71D9420A-54BA-48B6-AFE5-D1B63C4638DB} = {F42EC76E-8E5C-4D81-8476-8A78990F255A}
		{C3502491-0C4E-4C5D-A46C-7028F48F850B} = {43DC91C8-81C9-4B4A-B112-824EA33840BC}
		{5661C9AA-07BB-4EA9-9859-2A7841BAE340} = {C3502491-0C4E-4C5D-A46C-7028F48F850B}
		{060DC024-8F3E-4983-AF13-0F298985AE6E} = {776E5EA9-CAA1-4053-8A56-08E50CC06D21}
		{0410A8B6-FE6A-4F9B-A038-9B7C2FA2C6A3} = {776E5EA9-CAA1-4053-8A56-08E50CC06D21}
	EndGlobalSection
	GlobalSection(ProjectConfigurationPlatforms) = postSolution
		{C0124348-3DFA-45BE-8817-05D2C43F1D98}.Debug|Any CPU.ActiveCfg = Debug|Any CPU
		{C0124348-3DFA-45BE-8817-05D2C43F1D98}.Debug|Any CPU.Build.0 = Debug|Any CPU
		{C0124348-3DFA-45BE-8817-05D2C43F1D98}.Release|Any CPU.ActiveCfg = Release|Any CPU
		{C0124348-3DFA-45BE-8817-05D2C43F1D98}.Release|Any CPU.Build.0 = Release|Any CPU
		{2A0FBA0E-A8B6-4501-8FD6-45A28DAD36EC}.Debug|Any CPU.ActiveCfg = Debug|Any CPU
		{2A0FBA0E-A8B6-4501-8FD6-45A28DAD36EC}.Debug|Any CPU.Build.0 = Debug|Any CPU
		{2A0FBA0E-A8B6-4501-8FD6-45A28DAD36EC}.Release|Any CPU.ActiveCfg = Release|Any CPU
		{2A0FBA0E-A8B6-4501-8FD6-45A28DAD36EC}.Release|Any CPU.Build.0 = Release|Any CPU
		{A067495F-7C88-44B7-8CCC-F7A60C0D446B}.Debug|Any CPU.ActiveCfg = Debug|Any CPU
		{A067495F-7C88-44B7-8CCC-F7A60C0D446B}.Debug|Any CPU.Build.0 = Debug|Any CPU
		{A067495F-7C88-44B7-8CCC-F7A60C0D446B}.Release|Any CPU.ActiveCfg = Release|Any CPU
		{A067495F-7C88-44B7-8CCC-F7A60C0D446B}.Release|Any CPU.Build.0 = Release|Any CPU
		{C19BC680-E6C6-46EB-9366-17D4477E15F4}.Debug|Any CPU.ActiveCfg = Debug|Any CPU
		{C19BC680-E6C6-46EB-9366-17D4477E15F4}.Debug|Any CPU.Build.0 = Debug|Any CPU
		{C19BC680-E6C6-46EB-9366-17D4477E15F4}.Release|Any CPU.ActiveCfg = Release|Any CPU
		{C19BC680-E6C6-46EB-9366-17D4477E15F4}.Release|Any CPU.Build.0 = Release|Any CPU
		{EEE8C66F-F9B2-4F89-AEC2-414865EC9151}.Debug|Any CPU.ActiveCfg = Debug|Any CPU
		{EEE8C66F-F9B2-4F89-AEC2-414865EC9151}.Debug|Any CPU.Build.0 = Debug|Any CPU
		{EEE8C66F-F9B2-4F89-AEC2-414865EC9151}.Release|Any CPU.ActiveCfg = Release|Any CPU
		{EEE8C66F-F9B2-4F89-AEC2-414865EC9151}.Release|Any CPU.Build.0 = Release|Any CPU
		{3EC4B4C0-B326-4378-B1AB-2FF3846D591F}.Debug|Any CPU.ActiveCfg = Debug|Any CPU
		{3EC4B4C0-B326-4378-B1AB-2FF3846D591F}.Debug|Any CPU.Build.0 = Debug|Any CPU
		{3EC4B4C0-B326-4378-B1AB-2FF3846D591F}.Release|Any CPU.ActiveCfg = Release|Any CPU
		{3EC4B4C0-B326-4378-B1AB-2FF3846D591F}.Release|Any CPU.Build.0 = Release|Any CPU
		{5EFFCE8E-1C2D-45E1-89B6-B3E0BE1B5C55}.Debug|Any CPU.ActiveCfg = Debug|Any CPU
		{5EFFCE8E-1C2D-45E1-89B6-B3E0BE1B5C55}.Debug|Any CPU.Build.0 = Debug|Any CPU
		{5EFFCE8E-1C2D-45E1-89B6-B3E0BE1B5C55}.Release|Any CPU.ActiveCfg = Release|Any CPU
		{5EFFCE8E-1C2D-45E1-89B6-B3E0BE1B5C55}.Release|Any CPU.Build.0 = Release|Any CPU
		{1B45FF19-4767-4221-A628-BA58AC5CC9D4}.Debug|Any CPU.ActiveCfg = Debug|Any CPU
		{1B45FF19-4767-4221-A628-BA58AC5CC9D4}.Debug|Any CPU.Build.0 = Debug|Any CPU
		{1B45FF19-4767-4221-A628-BA58AC5CC9D4}.Release|Any CPU.ActiveCfg = Release|Any CPU
		{1B45FF19-4767-4221-A628-BA58AC5CC9D4}.Release|Any CPU.Build.0 = Release|Any CPU
		{E4D8EBF5-84F5-4FD6-B22B-36ABBBDAFE46}.Debug|Any CPU.ActiveCfg = Debug|Any CPU
		{E4D8EBF5-84F5-4FD6-B22B-36ABBBDAFE46}.Debug|Any CPU.Build.0 = Debug|Any CPU
		{E4D8EBF5-84F5-4FD6-B22B-36ABBBDAFE46}.Release|Any CPU.ActiveCfg = Release|Any CPU
		{E4D8EBF5-84F5-4FD6-B22B-36ABBBDAFE46}.Release|Any CPU.Build.0 = Release|Any CPU
		{36E9603B-A3D0-4967-9B66-29921F4614EA}.Debug|Any CPU.ActiveCfg = Debug|Any CPU
		{36E9603B-A3D0-4967-9B66-29921F4614EA}.Debug|Any CPU.Build.0 = Debug|Any CPU
		{36E9603B-A3D0-4967-9B66-29921F4614EA}.Release|Any CPU.ActiveCfg = Release|Any CPU
		{36E9603B-A3D0-4967-9B66-29921F4614EA}.Release|Any CPU.Build.0 = Release|Any CPU
		{B40F95F4-7AB7-4702-A774-609B07AC760A}.Debug|Any CPU.ActiveCfg = Debug|Any CPU
		{B40F95F4-7AB7-4702-A774-609B07AC760A}.Debug|Any CPU.Build.0 = Debug|Any CPU
		{B40F95F4-7AB7-4702-A774-609B07AC760A}.Release|Any CPU.ActiveCfg = Release|Any CPU
		{B40F95F4-7AB7-4702-A774-609B07AC760A}.Release|Any CPU.Build.0 = Release|Any CPU
		{895745EC-248B-4F5D-ADFB-C4839F95EE98}.Debug|Any CPU.ActiveCfg = Debug|Any CPU
		{895745EC-248B-4F5D-ADFB-C4839F95EE98}.Debug|Any CPU.Build.0 = Debug|Any CPU
		{895745EC-248B-4F5D-ADFB-C4839F95EE98}.Release|Any CPU.ActiveCfg = Release|Any CPU
		{895745EC-248B-4F5D-ADFB-C4839F95EE98}.Release|Any CPU.Build.0 = Release|Any CPU
		{4A24CBF0-EEF5-4A54-BC64-6F1E5FB188D8}.Debug|Any CPU.ActiveCfg = Debug|Any CPU
		{4A24CBF0-EEF5-4A54-BC64-6F1E5FB188D8}.Debug|Any CPU.Build.0 = Debug|Any CPU
		{4A24CBF0-EEF5-4A54-BC64-6F1E5FB188D8}.Release|Any CPU.ActiveCfg = Release|Any CPU
		{4A24CBF0-EEF5-4A54-BC64-6F1E5FB188D8}.Release|Any CPU.Build.0 = Release|Any CPU
		{007F9AA3-48D0-4AA1-8D9E-6D7348906FDA}.Debug|Any CPU.ActiveCfg = Debug|Any CPU
		{007F9AA3-48D0-4AA1-8D9E-6D7348906FDA}.Debug|Any CPU.Build.0 = Debug|Any CPU
		{007F9AA3-48D0-4AA1-8D9E-6D7348906FDA}.Release|Any CPU.ActiveCfg = Release|Any CPU
		{007F9AA3-48D0-4AA1-8D9E-6D7348906FDA}.Release|Any CPU.Build.0 = Release|Any CPU
		{316FCC5D-ECD3-4236-A4CA-FF22B01D20F5}.Debug|Any CPU.ActiveCfg = Debug|Any CPU
		{316FCC5D-ECD3-4236-A4CA-FF22B01D20F5}.Debug|Any CPU.Build.0 = Debug|Any CPU
		{316FCC5D-ECD3-4236-A4CA-FF22B01D20F5}.Release|Any CPU.ActiveCfg = Release|Any CPU
		{316FCC5D-ECD3-4236-A4CA-FF22B01D20F5}.Release|Any CPU.Build.0 = Release|Any CPU
		{65D24AC1-96A0-4084-9987-187C212CB524}.Debug|Any CPU.ActiveCfg = Debug|Any CPU
		{65D24AC1-96A0-4084-9987-187C212CB524}.Debug|Any CPU.Build.0 = Debug|Any CPU
		{65D24AC1-96A0-4084-9987-187C212CB524}.Release|Any CPU.ActiveCfg = Release|Any CPU
		{65D24AC1-96A0-4084-9987-187C212CB524}.Release|Any CPU.Build.0 = Release|Any CPU
		{03DEE7EC-3A1D-477C-A010-F62381B5DA89}.Debug|Any CPU.ActiveCfg = Debug|Any CPU
		{03DEE7EC-3A1D-477C-A010-F62381B5DA89}.Debug|Any CPU.Build.0 = Debug|Any CPU
		{03DEE7EC-3A1D-477C-A010-F62381B5DA89}.Release|Any CPU.ActiveCfg = Release|Any CPU
		{03DEE7EC-3A1D-477C-A010-F62381B5DA89}.Release|Any CPU.Build.0 = Release|Any CPU
		{90182BBA-4549-4A11-A407-8AB44A8DE7EC}.Debug|Any CPU.ActiveCfg = Debug|Any CPU
		{90182BBA-4549-4A11-A407-8AB44A8DE7EC}.Debug|Any CPU.Build.0 = Debug|Any CPU
		{90182BBA-4549-4A11-A407-8AB44A8DE7EC}.Release|Any CPU.ActiveCfg = Release|Any CPU
		{90182BBA-4549-4A11-A407-8AB44A8DE7EC}.Release|Any CPU.Build.0 = Release|Any CPU
		{F484CC3A-1B95-4DFF-BBBF-80F59C5CD7FA}.Debug|Any CPU.ActiveCfg = Debug|Any CPU
		{F484CC3A-1B95-4DFF-BBBF-80F59C5CD7FA}.Debug|Any CPU.Build.0 = Debug|Any CPU
		{F484CC3A-1B95-4DFF-BBBF-80F59C5CD7FA}.Release|Any CPU.ActiveCfg = Release|Any CPU
		{F484CC3A-1B95-4DFF-BBBF-80F59C5CD7FA}.Release|Any CPU.Build.0 = Release|Any CPU
		{0CCDAA19-D469-43E9-8CB0-3CC21FD1E228}.Debug|Any CPU.ActiveCfg = Debug|Any CPU
		{0CCDAA19-D469-43E9-8CB0-3CC21FD1E228}.Debug|Any CPU.Build.0 = Debug|Any CPU
		{0CCDAA19-D469-43E9-8CB0-3CC21FD1E228}.Release|Any CPU.ActiveCfg = Release|Any CPU
		{0CCDAA19-D469-43E9-8CB0-3CC21FD1E228}.Release|Any CPU.Build.0 = Release|Any CPU
		{0E105590-8D99-4D7D-9891-294DAA7C9BD3}.Debug|Any CPU.ActiveCfg = Debug|Any CPU
		{0E105590-8D99-4D7D-9891-294DAA7C9BD3}.Debug|Any CPU.Build.0 = Debug|Any CPU
		{0E105590-8D99-4D7D-9891-294DAA7C9BD3}.Release|Any CPU.ActiveCfg = Release|Any CPU
		{0E105590-8D99-4D7D-9891-294DAA7C9BD3}.Release|Any CPU.Build.0 = Release|Any CPU
		{A6C87F9F-C90B-407D-A148-E9586DE762D9}.Debug|Any CPU.ActiveCfg = Debug|Any CPU
		{A6C87F9F-C90B-407D-A148-E9586DE762D9}.Debug|Any CPU.Build.0 = Debug|Any CPU
		{A6C87F9F-C90B-407D-A148-E9586DE762D9}.Release|Any CPU.ActiveCfg = Release|Any CPU
		{A6C87F9F-C90B-407D-A148-E9586DE762D9}.Release|Any CPU.Build.0 = Release|Any CPU
		{807AF3E2-2431-4AE4-A45D-3465F05856C9}.Debug|Any CPU.ActiveCfg = Debug|Any CPU
		{807AF3E2-2431-4AE4-A45D-3465F05856C9}.Debug|Any CPU.Build.0 = Debug|Any CPU
		{807AF3E2-2431-4AE4-A45D-3465F05856C9}.Release|Any CPU.ActiveCfg = Release|Any CPU
		{807AF3E2-2431-4AE4-A45D-3465F05856C9}.Release|Any CPU.Build.0 = Release|Any CPU
		{71D9420A-54BA-48B6-AFE5-D1B63C4638DB}.Debug|Any CPU.ActiveCfg = Debug|Any CPU
		{71D9420A-54BA-48B6-AFE5-D1B63C4638DB}.Debug|Any CPU.Build.0 = Debug|Any CPU
		{71D9420A-54BA-48B6-AFE5-D1B63C4638DB}.Release|Any CPU.ActiveCfg = Release|Any CPU
		{71D9420A-54BA-48B6-AFE5-D1B63C4638DB}.Release|Any CPU.Build.0 = Release|Any CPU
		{5661C9AA-07BB-4EA9-9859-2A7841BAE340}.Debug|Any CPU.ActiveCfg = Debug|Any CPU
		{5661C9AA-07BB-4EA9-9859-2A7841BAE340}.Debug|Any CPU.Build.0 = Debug|Any CPU
		{5661C9AA-07BB-4EA9-9859-2A7841BAE340}.Release|Any CPU.ActiveCfg = Release|Any CPU
		{5661C9AA-07BB-4EA9-9859-2A7841BAE340}.Release|Any CPU.Build.0 = Release|Any CPU
		{060DC024-8F3E-4983-AF13-0F298985AE6E}.Debug|Any CPU.ActiveCfg = Debug|Any CPU
		{060DC024-8F3E-4983-AF13-0F298985AE6E}.Debug|Any CPU.Build.0 = Debug|Any CPU
		{060DC024-8F3E-4983-AF13-0F298985AE6E}.Release|Any CPU.ActiveCfg = Release|Any CPU
		{060DC024-8F3E-4983-AF13-0F298985AE6E}.Release|Any CPU.Build.0 = Release|Any CPU
		{0410A8B6-FE6A-4F9B-A038-9B7C2FA2C6A3}.Debug|Any CPU.ActiveCfg = Debug|Any CPU
		{0410A8B6-FE6A-4F9B-A038-9B7C2FA2C6A3}.Debug|Any CPU.Build.0 = Debug|Any CPU
		{0410A8B6-FE6A-4F9B-A038-9B7C2FA2C6A3}.Release|Any CPU.ActiveCfg = Release|Any CPU
		{0410A8B6-FE6A-4F9B-A038-9B7C2FA2C6A3}.Release|Any CPU.Build.0 = Release|Any CPU
	EndGlobalSection
EndGlobal
