
Microsoft Visual Studio Solution File, Format Version 12.00
Project("{2150E333-8FDC-42A3-9474-1A3956D46DE8}") = "Bootstrap", "Bootstrap", "{761D2E7D-BD2F-4016-ADDB-E29EF978CCD8}"
EndProject
Project("{FAE04EC0-301F-11D3-BF4B-00C04F79EFBC}") = "CargoApp.Bootstrap", "Bootstrap\CargoApp.Bootstrap\CargoApp.Bootstrap.csproj", "{C0124348-3DFA-45BE-8817-05D2C43F1D98}"
EndProject
Project("{2150E333-8FDC-42A3-9474-1A3956D46DE8}") = "_Core", "_Core", "{CCEAE8C3-5642-40A8-8FB7-BF4784F13572}"
EndProject
Project("{FAE04EC0-301F-11D3-BF4B-00C04F79EFBC}") = "CargoApp.Core.Abstraction", "CargoApp.Core.Abstraction\CargoApp.Core.Abstraction.csproj", "{ED2EC0DC-B2F1-4F16-877D-25FB28C363DE}"
EndProject
Project("{2150E333-8FDC-42A3-9474-1A3956D46DE8}") = "Modules", "Modules", "{F667422E-76EE-4887-8585-BC44FBF07F5E}"
EndProject
Project("{2150E333-8FDC-42A3-9474-1A3956D46DE8}") = "Users", "Users", "{826668A2-C7AB-402B-B570-A0C793E6B89D}"
EndProject
Project("{FAE04EC0-301F-11D3-BF4B-00C04F79EFBC}") = "CargoApp.Modules.Users.Api", "Modules\Users\CargoApp.Modules.Users.Api\CargoApp.Modules.Users.Api.csproj", "{2A0FBA0E-A8B6-4501-8FD6-45A28DAD36EC}"
EndProject
Project("{FAE04EC0-301F-11D3-BF4B-00C04F79EFBC}") = "CargoApp.Core.Infrastructure", "CargoApp.Core.Infrastructure\CargoApp.Core.Infrastructure.csproj", "{1FE1A223-0D98-4E27-B28C-A9C3BC2DE57A}"
EndProject
Project("{FAE04EC0-301F-11D3-BF4B-00C04F79EFBC}") = "CargoApp.Modules.Users.Core", "Modules\Users\CargoApp.Modules.Users.Core\CargoApp.Modules.Users.Core.csproj", "{A067495F-7C88-44B7-8CCC-F7A60C0D446B}"
EndProject
Project("{FAE04EC0-301F-11D3-BF4B-00C04F79EFBC}") = "CargoApp.Modules.Contracts.Users", "Modules\_Contracts\CargoApp.Modules.Contracts.Users\CargoApp.Modules.Contracts.Users.csproj", "{C19BC680-E6C6-46EB-9366-17D4477E15F4}"
EndProject
Project("{FAE04EC0-301F-11D3-BF4B-00C04F79EFBC}") = "CargoApp.Modules.Cargoes.Api", "Modules\Cargo\CargoApp.Modules.Cargoes.Api\CargoApp.Modules.Cargoes.Api.csproj", "{EEE8C66F-F9B2-4F89-AEC2-414865EC9151}"
EndProject
Project("{2150E333-8FDC-42A3-9474-1A3956D46DE8}") = "Cargoes", "Cargoes", "{33575339-CE3E-4A3F-9E51-B9960FBF7301}"
EndProject
Project("{FAE04EC0-301F-11D3-BF4B-00C04F79EFBC}") = "CargoApp.Modules.Users.Tests", "Modules\Users\CargoApp.Modules.Users.Tests\CargoApp.Modules.Users.Tests.csproj", "{8472A150-4B35-4025-BE42-3DA1207DB430}"
EndProject
Project("{2150E333-8FDC-42A3-9474-1A3956D46DE8}") = "_Contracts", "_Contracts", "{776E5EA9-CAA1-4053-8A56-08E50CC06D21}"
EndProject
Global
	GlobalSection(SolutionConfigurationPlatforms) = preSolution
		Debug|Any CPU = Debug|Any CPU
		Release|Any CPU = Release|Any CPU
	EndGlobalSection
	GlobalSection(NestedProjects) = preSolution
		{C0124348-3DFA-45BE-8817-05D2C43F1D98} = {761D2E7D-BD2F-4016-ADDB-E29EF978CCD8}
		{ED2EC0DC-B2F1-4F16-877D-25FB28C363DE} = {CCEAE8C3-5642-40A8-8FB7-BF4784F13572}
		{826668A2-C7AB-402B-B570-A0C793E6B89D} = {F667422E-76EE-4887-8585-BC44FBF07F5E}
		{2A0FBA0E-A8B6-4501-8FD6-45A28DAD36EC} = {826668A2-C7AB-402B-B570-A0C793E6B89D}
		{1FE1A223-0D98-4E27-B28C-A9C3BC2DE57A} = {CCEAE8C3-5642-40A8-8FB7-BF4784F13572}
		{A067495F-7C88-44B7-8CCC-F7A60C0D446B} = {826668A2-C7AB-402B-B570-A0C793E6B89D}
		{33575339-CE3E-4A3F-9E51-B9960FBF7301} = {F667422E-76EE-4887-8585-BC44FBF07F5E}
		{EEE8C66F-F9B2-4F89-AEC2-414865EC9151} = {33575339-CE3E-4A3F-9E51-B9960FBF7301}
		{8472A150-4B35-4025-BE42-3DA1207DB430} = {826668A2-C7AB-402B-B570-A0C793E6B89D}
		{776E5EA9-CAA1-4053-8A56-08E50CC06D21} = {F667422E-76EE-4887-8585-BC44FBF07F5E}
		{C19BC680-E6C6-46EB-9366-17D4477E15F4} = {776E5EA9-CAA1-4053-8A56-08E50CC06D21}
	EndGlobalSection
	GlobalSection(ProjectConfigurationPlatforms) = postSolution
		{C0124348-3DFA-45BE-8817-05D2C43F1D98}.Debug|Any CPU.ActiveCfg = Debug|Any CPU
		{C0124348-3DFA-45BE-8817-05D2C43F1D98}.Debug|Any CPU.Build.0 = Debug|Any CPU
		{C0124348-3DFA-45BE-8817-05D2C43F1D98}.Release|Any CPU.ActiveCfg = Release|Any CPU
		{C0124348-3DFA-45BE-8817-05D2C43F1D98}.Release|Any CPU.Build.0 = Release|Any CPU
		{ED2EC0DC-B2F1-4F16-877D-25FB28C363DE}.Debug|Any CPU.ActiveCfg = Debug|Any CPU
		{ED2EC0DC-B2F1-4F16-877D-25FB28C363DE}.Debug|Any CPU.Build.0 = Debug|Any CPU
		{ED2EC0DC-B2F1-4F16-877D-25FB28C363DE}.Release|Any CPU.ActiveCfg = Release|Any CPU
		{ED2EC0DC-B2F1-4F16-877D-25FB28C363DE}.Release|Any CPU.Build.0 = Release|Any CPU
		{2A0FBA0E-A8B6-4501-8FD6-45A28DAD36EC}.Debug|Any CPU.ActiveCfg = Debug|Any CPU
		{2A0FBA0E-A8B6-4501-8FD6-45A28DAD36EC}.Debug|Any CPU.Build.0 = Debug|Any CPU
		{2A0FBA0E-A8B6-4501-8FD6-45A28DAD36EC}.Release|Any CPU.ActiveCfg = Release|Any CPU
		{2A0FBA0E-A8B6-4501-8FD6-45A28DAD36EC}.Release|Any CPU.Build.0 = Release|Any CPU
		{1FE1A223-0D98-4E27-B28C-A9C3BC2DE57A}.Debug|Any CPU.ActiveCfg = Debug|Any CPU
		{1FE1A223-0D98-4E27-B28C-A9C3BC2DE57A}.Debug|Any CPU.Build.0 = Debug|Any CPU
		{1FE1A223-0D98-4E27-B28C-A9C3BC2DE57A}.Release|Any CPU.ActiveCfg = Release|Any CPU
		{1FE1A223-0D98-4E27-B28C-A9C3BC2DE57A}.Release|Any CPU.Build.0 = Release|Any CPU
		{A067495F-7C88-44B7-8CCC-F7A60C0D446B}.Debug|Any CPU.ActiveCfg = Debug|Any CPU
		{A067495F-7C88-44B7-8CCC-F7A60C0D446B}.Debug|Any CPU.Build.0 = Debug|Any CPU
		{A067495F-7C88-44B7-8CCC-F7A60C0D446B}.Release|Any CPU.ActiveCfg = Release|Any CPU
		{A067495F-7C88-44B7-8CCC-F7A60C0D446B}.Release|Any CPU.Build.0 = Release|Any CPU
		{C19BC680-E6C6-46EB-9366-17D4477E15F4}.Debug|Any CPU.ActiveCfg = Debug|Any CPU
		{C19BC680-E6C6-46EB-9366-17D4477E15F4}.Debug|Any CPU.Build.0 = Debug|Any CPU
		{C19BC680-E6C6-46EB-9366-17D4477E15F4}.Release|Any CPU.ActiveCfg = Release|Any CPU
		{C19BC680-E6C6-46EB-9366-17D4477E15F4}.Release|Any CPU.Build.0 = Release|Any CPU
		{EEE8C66F-F9B2-4F89-AEC2-414865EC9151}.Debug|Any CPU.ActiveCfg = Debug|Any CPU
		{EEE8C66F-F9B2-4F89-AEC2-414865EC9151}.Debug|Any CPU.Build.0 = Debug|Any CPU
		{EEE8C66F-F9B2-4F89-AEC2-414865EC9151}.Release|Any CPU.ActiveCfg = Release|Any CPU
		{EEE8C66F-F9B2-4F89-AEC2-414865EC9151}.Release|Any CPU.Build.0 = Release|Any CPU
		{8472A150-4B35-4025-BE42-3DA1207DB430}.Debug|Any CPU.ActiveCfg = Debug|Any CPU
		{8472A150-4B35-4025-BE42-3DA1207DB430}.Debug|Any CPU.Build.0 = Debug|Any CPU
		{8472A150-4B35-4025-BE42-3DA1207DB430}.Release|Any CPU.ActiveCfg = Release|Any CPU
		{8472A150-4B35-4025-BE42-3DA1207DB430}.Release|Any CPU.Build.0 = Release|Any CPU
	EndGlobalSection
EndGlobal
